<?xml version="1.0" encoding="utf-8"?>
<Project ToolsVersion="4.0" xmlns="http://schemas.microsoft.com/developer/msbuild/2003">
  <ItemGroup>
    <Filter Include="Source Files">
      <UniqueIdentifier>{4FC737F1-C7A5-4376-A066-2A32D752A2FF}</UniqueIdentifier>
      <Extensions>cpp;c;cc;cxx;c++;cppm;ixx;def;odl;idl;hpj;bat;asm;asmx</Extensions>
    </Filter>
    <Filter Include="Header Files">
      <UniqueIdentifier>{93995380-89BD-4b04-88EB-625FBE52EBFB}</UniqueIdentifier>
      <Extensions>h;hh;hpp;hxx;h++;hm;inl;inc;ipp;xsd</Extensions>
    </Filter>
    <Filter Include="Resource Files">
      <UniqueIdentifier>{67DA6AB6-F800-4c08-8B7A-83BB121AAD01}</UniqueIdentifier>
      <Extensions>rc;ico;cur;bmp;dlg;rc2;rct;bin;rgs;gif;jpg;jpeg;jpe;resx;tiff;tif;png;wav;mfcribbon-ms</Extensions>
    </Filter>
    <Filter Include="Source Files\imgui">
      <UniqueIdentifier>{7b7aadd4-ae1f-4b5b-8556-067ba066712c}</UniqueIdentifier>
    </Filter>
    <Filter Include="Source Files\ACCOUNT_LAUNCHER_frame">
      <UniqueIdentifier>{168fb3ef-7d35-4511-a6f8-f870ce049634}</UniqueIdentifier>
    </Filter>
  </ItemGroup>
  <ItemGroup>
    <ClCompile Include="server.cpp">
      <Filter>Source Files</Filter>
    </ClCompile>
    <ClCompile Include="socket_utils.ixx">
      <Filter>Source Files</Filter>
    </ClCompile>
    <ClCompile Include="pathfinding.ixx">
      <Filter>Source Files</Filter>
    </ClCompile>
    <ClCompile Include="..\include\imgui\imgui.cpp">
      <Filter>Source Files\imgui</Filter>
    </ClCompile>
    <ClCompile Include="..\include\imgui\imgui_demo.cpp">
      <Filter>Source Files\imgui</Filter>
    </ClCompile>
    <ClCompile Include="..\include\imgui\imgui_draw.cpp">
      <Filter>Source Files\imgui</Filter>
    </ClCompile>
    <ClCompile Include="..\include\imgui\imgui_impl_dx11.cpp">
      <Filter>Source Files\imgui</Filter>
    </ClCompile>
    <ClCompile Include="..\include\imgui\imgui_impl_win32.cpp">
      <Filter>Source Files\imgui</Filter>
    </ClCompile>
    <ClCompile Include="..\include\imgui\imgui_tables.cpp">
      <Filter>Source Files\imgui</Filter>
    </ClCompile>
    <ClCompile Include="..\include\imgui\imgui_widgets.cpp">
      <Filter>Source Files\imgui</Filter>
    </ClCompile>
    <ClCompile Include="network.ixx">
      <Filter>Source Files</Filter>
    </ClCompile>
    <ClCompile Include="scratch.ixx">
      <Filter>Source Files</Filter>
    </ClCompile>
    <ClCompile Include="dx11.ixx">
      <Filter>Source Files</Filter>
    </ClCompile>
    <ClCompile Include="imgui_module.ixx">
      <Filter>Source Files</Filter>
    </ClCompile>
    <ClCompile Include="pid_data_manager.ixx">
      <Filter>Source Files</Filter>
    </ClCompile>
    <ClCompile Include="wow_start.ixx">
      <Filter>Source Files</Filter>
    </ClCompile>
    <ClCompile Include="server_log_frame.ixx">
      <Filter>Source Files</Filter>
    </ClCompile>
    <ClCompile Include="time_helper.ixx">
      <Filter>Source Files</Filter>
    </ClCompile>
    <ClCompile Include="DrawFileDialog.ixx">
      <Filter>Source Files</Filter>
    </ClCompile>
    <ClCompile Include="DrawStartAccountButtons.ixx">
      <Filter>Source Files</Filter>
    </ClCompile>
    <ClCompile Include="data_helpers.ixx">
      <Filter>Source Files</Filter>
    </ClCompile>
    <ClCompile Include="ConfigManager.ixx">
      <Filter>Source Files</Filter>
    </ClCompile>
    <ClCompile Include="accout_launcher_frame.ixx">
      <Filter>Source Files\ACCOUNT_LAUNCHER_frame</Filter>
    </ClCompile>
    <ClCompile Include="DrawAccountsToLaunchCheckboxes.ixx">
      <Filter>Source Files\ACCOUNT_LAUNCHER_frame</Filter>
    </ClCompile>
    <ClCompile Include="DrawActivePids.ixx">
      <Filter>Source Files\ACCOUNT_LAUNCHER_frame</Filter>
    </ClCompile>
    <ClCompile Include="DrawLaunchingPids.ixx">
      <Filter>Source Files\ACCOUNT_LAUNCHER_frame</Filter>
    </ClCompile>
    <ClCompile Include="DrawOldPids.ixx">
      <Filter>Source Files\ACCOUNT_LAUNCHER_frame</Filter>
    </ClCompile>
  </ItemGroup>
  <ItemGroup>
    <ClInclude Include="framework.h">
      <Filter>Header Files</Filter>
    </ClInclude>
    <ClInclude Include="..\include\imgui\imgui.h">
      <Filter>Header Files</Filter>
    </ClInclude>
    <ClInclude Include="..\include\imgui\imgui_impl_dx11.h">
      <Filter>Header Files</Filter>
    </ClInclude>
    <ClInclude Include="..\include\imgui\imgui_impl_win32.h">
      <Filter>Header Files</Filter>
    </ClInclude>
    <ClInclude Include="..\include\imgui\imconfig.h">
      <Filter>Header Files</Filter>
    </ClInclude>
    <ClInclude Include="..\include\imgui\imfilebrowser.h">
      <Filter>Header Files</Filter>
    </ClInclude>
    <ClInclude Include="..\include\imgui\imgui_internal.h">
      <Filter>Header Files</Filter>
    </ClInclude>
    <ClInclude Include="..\include\imgui\imgui_single_file.h">
      <Filter>Header Files</Filter>
    </ClInclude>
    <ClInclude Include="..\include\imgui\imstb_rectpack.h">
      <Filter>Header Files</Filter>
    </ClInclude>
    <ClInclude Include="..\include\imgui\imstb_textedit.h">
      <Filter>Header Files</Filter>
    </ClInclude>
    <ClInclude Include="..\include\imgui\imstb_truetype.h">
      <Filter>Header Files</Filter>
    </ClInclude>
  </ItemGroup>
  <ItemGroup>
    <None Include="config.ini">
      <Filter>Source Files</Filter>
    </None>
  </ItemGroup>
</Project>